// !$*UTF8*$!
{
	archiveVersion = 1;
	classes = {
	};
	objectVersion = 48;
	objects = {

/* Begin PBXBuildFile section */
		89AB767D20B922EC00BBC683 /* AppDelegate.swift in Sources */ = {isa = PBXBuildFile; fileRef = 89AB767C20B922EC00BBC683 /* AppDelegate.swift */; };
		89AB767F20B922EC00BBC683 /* ViewController.swift in Sources */ = {isa = PBXBuildFile; fileRef = 89AB767E20B922EC00BBC683 /* ViewController.swift */; };
		89AB768220B922EC00BBC683 /* Main.storyboard in Resources */ = {isa = PBXBuildFile; fileRef = 89AB768020B922EC00BBC683 /* Main.storyboard */; };
		89AB768420B922EC00BBC683 /* Assets.xcassets in Resources */ = {isa = PBXBuildFile; fileRef = 89AB768320B922EC00BBC683 /* Assets.xcassets */; };
		89AB768720B922EC00BBC683 /* LaunchScreen.storyboard in Resources */ = {isa = PBXBuildFile; fileRef = 89AB768520B922EC00BBC683 /* LaunchScreen.storyboard */; };
		89AB769220B922EC00BBC683 /* Pizza_Ordering_AppTests.swift in Sources */ = {isa = PBXBuildFile; fileRef = 89AB769120B922EC00BBC683 /* Pizza_Ordering_AppTests.swift */; };
		89AB769D20B922EC00BBC683 /* Pizza_Ordering_AppUITests.swift in Sources */ = {isa = PBXBuildFile; fileRef = 89AB769C20B922EC00BBC683 /* Pizza_Ordering_AppUITests.swift */; };
/* End PBXBuildFile section */

/* Begin PBXContainerItemProxy section */
		89AB768E20B922EC00BBC683 /* PBXContainerItemProxy */ = {
			isa = PBXContainerItemProxy;
			containerPortal = 89AB767120B922EB00BBC683 /* Project object */;
			proxyType = 1;
			remoteGlobalIDString = 89AB767820B922EC00BBC683;
			remoteInfo = "Pizza Ordering App";
		};
		89AB769920B922EC00BBC683 /* PBXContainerItemProxy */ = {
			isa = PBXContainerItemProxy;
			containerPortal = 89AB767120B922EB00BBC683 /* Project object */;
			proxyType = 1;
			remoteGlobalIDString = 89AB767820B922EC00BBC683;
			remoteInfo = "Pizza Ordering App";
		};
/* End PBXContainerItemProxy section */

/* Begin PBXFileReference section */
		89AB767920B922EC00BBC683 /* Pizza Ordering App.app */ = {isa = PBXFileReference; explicitFileType = wrapper.application; includeInIndex = 0; path = "Pizza Ordering App.app"; sourceTree = BUILT_PRODUCTS_DIR; };
		89AB767C20B922EC00BBC683 /* AppDelegate.swift */ = {isa = PBXFileReference; lastKnownFileType = sourcecode.swift; path = AppDelegate.swift; sourceTree = "<group>"; };
		89AB767E20B922EC00BBC683 /* ViewController.swift */ = {isa = PBXFileReference; lastKnownFileType = sourcecode.swift; path = ViewController.swift; sourceTree = "<group>"; };
		89AB768120B922EC00BBC683 /* Base */ = {isa = PBXFileReference; lastKnownFileType = file.storyboard; name = Base; path = Base.lproj/Main.storyboard; sourceTree = "<group>"; };
		89AB768320B922EC00BBC683 /* Assets.xcassets */ = {isa = PBXFileReference; lastKnownFileType = folder.assetcatalog; path = Assets.xcassets; sourceTree = "<group>"; };
		89AB768620B922EC00BBC683 /* Base */ = {isa = PBXFileReference; lastKnownFileType = file.storyboard; name = Base; path = Base.lproj/LaunchScreen.storyboard; sourceTree = "<group>"; };
		89AB768820B922EC00BBC683 /* Info.plist */ = {isa = PBXFileReference; lastKnownFileType = text.plist.xml; path = Info.plist; sourceTree = "<group>"; };
		89AB768D20B922EC00BBC683 /* Pizza Ordering AppTests.xctest */ = {isa = PBXFileReference; explicitFileType = wrapper.cfbundle; includeInIndex = 0; path = "Pizza Ordering AppTests.xctest"; sourceTree = BUILT_PRODUCTS_DIR; };
		89AB769120B922EC00BBC683 /* Pizza_Ordering_AppTests.swift */ = {isa = PBXFileReference; lastKnownFileType = sourcecode.swift; path = Pizza_Ordering_AppTests.swift; sourceTree = "<group>"; };
		89AB769320B922EC00BBC683 /* Info.plist */ = {isa = PBXFileReference; lastKnownFileType = text.plist.xml; path = Info.plist; sourceTree = "<group>"; };
		89AB769820B922EC00BBC683 /* Pizza Ordering AppUITests.xctest */ = {isa = PBXFileReference; explicitFileType = wrapper.cfbundle; includeInIndex = 0; path = "Pizza Ordering AppUITests.xctest"; sourceTree = BUILT_PRODUCTS_DIR; };
		89AB769C20B922EC00BBC683 /* Pizza_Ordering_AppUITests.swift */ = {isa = PBXFileReference; lastKnownFileType = sourcecode.swift; path = Pizza_Ordering_AppUITests.swift; sourceTree = "<group>"; };
		89AB769E20B922EC00BBC683 /* Info.plist */ = {isa = PBXFileReference; lastKnownFileType = text.plist.xml; path = Info.plist; sourceTree = "<group>"; };
/* End PBXFileReference section */

/* Begin PBXFrameworksBuildPhase section */
		89AB767620B922EC00BBC683 /* Frameworks */ = {
			isa = PBXFrameworksBuildPhase;
			buildActionMask = 2147483647;
			files = (
			);
			runOnlyForDeploymentPostprocessing = 0;
		};
		89AB768A20B922EC00BBC683 /* Frameworks */ = {
			isa = PBXFrameworksBuildPhase;
			buildActionMask = 2147483647;
			files = (
			);
			runOnlyForDeploymentPostprocessing = 0;
		};
		89AB769520B922EC00BBC683 /* Frameworks */ = {
			isa = PBXFrameworksBuildPhase;
			buildActionMask = 2147483647;
			files = (
			);
			runOnlyForDeploymentPostprocessing = 0;
		};
/* End PBXFrameworksBuildPhase section */

/* Begin PBXGroup section */
		89AB767020B922EB00BBC683 = {
			isa = PBXGroup;
			children = (
				89AB767B20B922EC00BBC683 /* Pizza Ordering App */,
				89AB769020B922EC00BBC683 /* Pizza Ordering AppTests */,
				89AB769B20B922EC00BBC683 /* Pizza Ordering AppUITests */,
				89AB767A20B922EC00BBC683 /* Products */,
			);
			sourceTree = "<group>";
		};
		89AB767A20B922EC00BBC683 /* Products */ = {
			isa = PBXGroup;
			children = (
				89AB767920B922EC00BBC683 /* Pizza Ordering App.app */,
				89AB768D20B922EC00BBC683 /* Pizza Ordering AppTests.xctest */,
				89AB769820B922EC00BBC683 /* Pizza Ordering AppUITests.xctest */,
			);
			name = Products;
			sourceTree = "<group>";
		};
		89AB767B20B922EC00BBC683 /* Pizza Ordering App */ = {
			isa = PBXGroup;
			children = (
				89AB767C20B922EC00BBC683 /* AppDelegate.swift */,
				89AB767E20B922EC00BBC683 /* ViewController.swift */,
				89AB768020B922EC00BBC683 /* Main.storyboard */,
				89AB768320B922EC00BBC683 /* Assets.xcassets */,
				89AB768520B922EC00BBC683 /* LaunchScreen.storyboard */,
				89AB768820B922EC00BBC683 /* Info.plist */,
			);
			path = "Pizza Ordering App";
			sourceTree = "<group>";
		};
		89AB769020B922EC00BBC683 /* Pizza Ordering AppTests */ = {
			isa = PBXGroup;
			children = (
				89AB769120B922EC00BBC683 /* Pizza_Ordering_AppTests.swift */,
				89AB769320B922EC00BBC683 /* Info.plist */,
			);
			path = "Pizza Ordering AppTests";
			sourceTree = "<group>";
		};
		89AB769B20B922EC00BBC683 /* Pizza Ordering AppUITests */ = {
			isa = PBXGroup;
			children = (
				89AB769C20B922EC00BBC683 /* Pizza_Ordering_AppUITests.swift */,
				89AB769E20B922EC00BBC683 /* Info.plist */,
			);
			path = "Pizza Ordering AppUITests";
			sourceTree = "<group>";
		};
/* End PBXGroup section */

/* Begin PBXNativeTarget section */
		89AB767820B922EC00BBC683 /* Pizza Ordering App */ = {
			isa = PBXNativeTarget;
			buildConfigurationList = 89AB76A120B922EC00BBC683 /* Build configuration list for PBXNativeTarget "Pizza Ordering App" */;
			buildPhases = (
				89AB767520B922EC00BBC683 /* Sources */,
				89AB767620B922EC00BBC683 /* Frameworks */,
				89AB767720B922EC00BBC683 /* Resources */,
			);
			buildRules = (
			);
			dependencies = (
			);
			name = "Pizza Ordering App";
			productName = "Pizza Ordering App";
			productReference = 89AB767920B922EC00BBC683 /* Pizza Ordering App.app */;
			productType = "com.apple.product-type.application";
		};
		89AB768C20B922EC00BBC683 /* Pizza Ordering AppTests */ = {
			isa = PBXNativeTarget;
			buildConfigurationList = 89AB76A420B922EC00BBC683 /* Build configuration list for PBXNativeTarget "Pizza Ordering AppTests" */;
			buildPhases = (
				89AB768920B922EC00BBC683 /* Sources */,
				89AB768A20B922EC00BBC683 /* Frameworks */,
				89AB768B20B922EC00BBC683 /* Resources */,
			);
			buildRules = (
			);
			dependencies = (
				89AB768F20B922EC00BBC683 /* PBXTargetDependency */,
			);
			name = "Pizza Ordering AppTests";
			productName = "Pizza Ordering AppTests";
			productReference = 89AB768D20B922EC00BBC683 /* Pizza Ordering AppTests.xctest */;
			productType = "com.apple.product-type.bundle.unit-test";
		};
		89AB769720B922EC00BBC683 /* Pizza Ordering AppUITests */ = {
			isa = PBXNativeTarget;
			buildConfigurationList = 89AB76A720B922EC00BBC683 /* Build configuration list for PBXNativeTarget "Pizza Ordering AppUITests" */;
			buildPhases = (
				89AB769420B922EC00BBC683 /* Sources */,
				89AB769520B922EC00BBC683 /* Frameworks */,
				89AB769620B922EC00BBC683 /* Resources */,
			);
			buildRules = (
			);
			dependencies = (
				89AB769A20B922EC00BBC683 /* PBXTargetDependency */,
			);
			name = "Pizza Ordering AppUITests";
			productName = "Pizza Ordering AppUITests";
			productReference = 89AB769820B922EC00BBC683 /* Pizza Ordering AppUITests.xctest */;
			productType = "com.apple.product-type.bundle.ui-testing";
		};
/* End PBXNativeTarget section */

/* Begin PBXProject section */
		89AB767120B922EB00BBC683 /* Project object */ = {
			isa = PBXProject;
			attributes = {
				LastSwiftUpdateCheck = 0920;
				LastUpgradeCheck = 0920;
				ORGANIZATIONNAME = "Muzinda Group project";
				TargetAttributes = {
					89AB767820B922EC00BBC683 = {
						CreatedOnToolsVersion = 9.2;
						ProvisioningStyle = Automatic;
					};
					89AB768C20B922EC00BBC683 = {
						CreatedOnToolsVersion = 9.2;
						ProvisioningStyle = Automatic;
						TestTargetID = 89AB767820B922EC00BBC683;
					};
					89AB769720B922EC00BBC683 = {
						CreatedOnToolsVersion = 9.2;
						ProvisioningStyle = Automatic;
						TestTargetID = 89AB767820B922EC00BBC683;
					};
				};
			};
			buildConfigurationList = 89AB767420B922EB00BBC683 /* Build configuration list for PBXProject "Pizza Ordering App" */;
			compatibilityVersion = "Xcode 8.0";
			developmentRegion = en;
			hasScannedForEncodings = 0;
			knownRegions = (
				en,
				Base,
			);
			mainGroup = 89AB767020B922EB00BBC683;
			productRefGroup = 89AB767A20B922EC00BBC683 /* Products */;
			projectDirPath = "";
			projectRoot = "";
			targets = (
				89AB767820B922EC00BBC683 /* Pizza Ordering App */,
				89AB768C20B922EC00BBC683 /* Pizza Ordering AppTests */,
				89AB769720B922EC00BBC683 /* Pizza Ordering AppUITests */,
			);
		};
/* End PBXProject section */

/* Begin PBXResourcesBuildPhase section */
		89AB767720B922EC00BBC683 /* Resources */ = {
			isa = PBXResourcesBuildPhase;
			buildActionMask = 2147483647;
			files = (
				89AB768720B922EC00BBC683 /* LaunchScreen.storyboard in Resources */,
				89AB768420B922EC00BBC683 /* Assets.xcassets in Resources */,
				89AB768220B922EC00BBC683 /* Main.storyboard in Resources */,
			);
			runOnlyForDeploymentPostprocessing = 0;
		};
		89AB768B20B922EC00BBC683 /* Resources */ = {
			isa = PBXResourcesBuildPhase;
			buildActionMask = 2147483647;
			files = (
			);
			runOnlyForDeploymentPostprocessing = 0;
		};
		89AB769620B922EC00BBC683 /* Resources */ = {
			isa = PBXResourcesBuildPhase;
			buildActionMask = 2147483647;
			files = (
			);
			runOnlyForDeploymentPostprocessing = 0;
		};
/* End PBXResourcesBuildPhase section */

/* Begin PBXSourcesBuildPhase section */
		89AB767520B922EC00BBC683 /* Sources */ = {
			isa = PBXSourcesBuildPhase;
			buildActionMask = 2147483647;
			files = (
				89AB767F20B922EC00BBC683 /* ViewController.swift in Sources */,
				89AB767D20B922EC00BBC683 /* AppDelegate.swift in Sources */,
			);
			runOnlyForDeploymentPostprocessing = 0;
		};
		89AB768920B922EC00BBC683 /* Sources */ = {
			isa = PBXSourcesBuildPhase;
			buildActionMask = 2147483647;
			files = (
				89AB769220B922EC00BBC683 /* Pizza_Ordering_AppTests.swift in Sources */,
			);
			runOnlyForDeploymentPostprocessing = 0;
		};
		89AB769420B922EC00BBC683 /* Sources */ = {
			isa = PBXSourcesBuildPhase;
			buildActionMask = 2147483647;
			files = (
				89AB769D20B922EC00BBC683 /* Pizza_Ordering_AppUITests.swift in Sources */,
			);
			runOnlyForDeploymentPostprocessing = 0;
		};
/* End PBXSourcesBuildPhase section */

/* Begin PBXTargetDependency section */
		89AB768F20B922EC00BBC683 /* PBXTargetDependency */ = {
			isa = PBXTargetDependency;
			target = 89AB767820B922EC00BBC683 /* Pizza Ordering App */;
			targetProxy = 89AB768E20B922EC00BBC683 /* PBXContainerItemProxy */;
		};
		89AB769A20B922EC00BBC683 /* PBXTargetDependency */ = {
			isa = PBXTargetDependency;
			target = 89AB767820B922EC00BBC683 /* Pizza Ordering App */;
			targetProxy = 89AB769920B922EC00BBC683 /* PBXContainerItemProxy */;
		};
/* End PBXTargetDependency section */

/* Begin PBXVariantGroup section */
		89AB768020B922EC00BBC683 /* Main.storyboard */ = {
			isa = PBXVariantGroup;
			children = (
				89AB768120B922EC00BBC683 /* Base */,
			);
			name = Main.storyboard;
			sourceTree = "<group>";
		};
		89AB768520B922EC00BBC683 /* LaunchScreen.storyboard */ = {
			isa = PBXVariantGroup;
			children = (
				89AB768620B922EC00BBC683 /* Base */,
			);
			name = LaunchScreen.storyboard;
			sourceTree = "<group>";
		};
/* End PBXVariantGroup section */

/* Begin XCBuildConfiguration section */
		89AB769F20B922EC00BBC683 /* Debug */ = {
			isa = XCBuildConfiguration;
			buildSettings = {
				ALWAYS_SEARCH_USER_PATHS = NO;
				CLANG_ANALYZER_NONNULL = YES;
				CLANG_ANALYZER_NUMBER_OBJECT_CONVERSION = YES_AGGRESSIVE;
				CLANG_CXX_LANGUAGE_STANDARD = "gnu++14";
				CLANG_CXX_LIBRARY = "libc++";
				CLANG_ENABLE_MODULES = YES;
				CLANG_ENABLE_OBJC_ARC = YES;
				CLANG_WARN_BLOCK_CAPTURE_AUTORELEASING = YES;
				CLANG_WARN_BOOL_CONVERSION = YES;
				CLANG_WARN_COMMA = YES;
				CLANG_WARN_CONSTANT_CONVERSION = YES;
				CLANG_WARN_DIRECT_OBJC_ISA_USAGE = YES_ERROR;
				CLANG_WARN_DOCUMENTATION_COMMENTS = YES;
				CLANG_WARN_EMPTY_BODY = YES;
				CLANG_WARN_ENUM_CONVERSION = YES;
				CLANG_WARN_INFINITE_RECURSION = YES;
				CLANG_WARN_INT_CONVERSION = YES;
				CLANG_WARN_NON_LITERAL_NULL_CONVERSION = YES;
				CLANG_WARN_OBJC_LITERAL_CONVERSION = YES;
				CLANG_WARN_OBJC_ROOT_CLASS = YES_ERROR;
				CLANG_WARN_RANGE_LOOP_ANALYSIS = YES;
				CLANG_WARN_STRICT_PROTOTYPES = YES;
				CLANG_WARN_SUSPICIOUS_MOVE = YES;
				CLANG_WARN_UNGUARDED_AVAILABILITY = YES_AGGRESSIVE;
				CLANG_WARN_UNREACHABLE_CODE = YES;
				CLANG_WARN__DUPLICATE_METHOD_MATCH = YES;
				CODE_SIGN_IDENTITY = "iPhone Developer";
				COPY_PHASE_STRIP = NO;
				DEBUG_INFORMATION_FORMAT = dwarf;
				ENABLE_STRICT_OBJC_MSGSEND = YES;
				ENABLE_TESTABILITY = YES;
				GCC_C_LANGUAGE_STANDARD = gnu11;
				GCC_DYNAMIC_NO_PIC = NO;
				GCC_NO_COMMON_BLOCKS = YES;
				GCC_OPTIMIZATION_LEVEL = 0;
				GCC_PREPROCESSOR_DEFINITIONS = (
					"DEBUG=1",
					"$(inherited)",
				);
				GCC_WARN_64_TO_32_BIT_CONVERSION = YES;
				GCC_WARN_ABOUT_RETURN_TYPE = YES_ERROR;
				GCC_WARN_UNDECLARED_SELECTOR = YES;
				GCC_WARN_UNINITIALIZED_AUTOS = YES_AGGRESSIVE;
				GCC_WARN_UNUSED_FUNCTION = YES;
				GCC_WARN_UNUSED_VARIABLE = YES;
				IPHONEOS_DEPLOYMENT_TARGET = 11.2;
				MTL_ENABLE_DEBUG_INFO = YES;
				ONLY_ACTIVE_ARCH = YES;
				SDKROOT = iphoneos;
				SWIFT_ACTIVE_COMPILATION_CONDITIONS = DEBUG;
				SWIFT_OPTIMIZATION_LEVEL = "-Onone";
			};
			name = Debug;
		};
		89AB76A020B922EC00BBC683 /* Release */ = {
			isa = XCBuildConfiguration;
			buildSettings = {
				ALWAYS_SEARCH_USER_PATHS = NO;
				CLANG_ANALYZER_NONNULL = YES;
				CLANG_ANALYZER_NUMBER_OBJECT_CONVERSION = YES_AGGRESSIVE;
				CLANG_CXX_LANGUAGE_STANDARD = "gnu++14";
				CLANG_CXX_LIBRARY = "libc++";
				CLANG_ENABLE_MODULES = YES;
				CLANG_ENABLE_OBJC_ARC = YES;
				CLANG_WARN_BLOCK_CAPTURE_AUTORELEASING = YES;
				CLANG_WARN_BOOL_CONVERSION = YES;
				CLANG_WARN_COMMA = YES;
				CLANG_WARN_CONSTANT_CONVERSION = YES;
				CLANG_WARN_DIRECT_OBJC_ISA_USAGE = YES_ERROR;
				CLANG_WARN_DOCUMENTATION_COMMENTS = YES;
				CLANG_WARN_EMPTY_BODY = YES;
				CLANG_WARN_ENUM_CONVERSION = YES;
				CLANG_WARN_INFINITE_RECURSION = YES;
				CLANG_WARN_INT_CONVERSION = YES;
				CLANG_WARN_NON_LITERAL_NULL_CONVERSION = YES;
				CLANG_WARN_OBJC_LITERAL_CONVERSION = YES;
				CLANG_WARN_OBJC_ROOT_CLASS = YES_ERROR;
				CLANG_WARN_RANGE_LOOP_ANALYSIS = YES;
				CLANG_WARN_STRICT_PROTOTYPES = YES;
				CLANG_WARN_SUSPICIOUS_MOVE = YES;
				CLANG_WARN_UNGUARDED_AVAILABILITY = YES_AGGRESSIVE;
				CLANG_WARN_UNREACHABLE_CODE = YES;
				CLANG_WARN__DUPLICATE_METHOD_MATCH = YES;
				CODE_SIGN_IDENTITY = "iPhone Developer";
				COPY_PHASE_STRIP = NO;
				DEBUG_INFORMATION_FORMAT = "dwarf-with-dsym";
				ENABLE_NS_ASSERTIONS = NO;
				ENABLE_STRICT_OBJC_MSGSEND = YES;
				GCC_C_LANGUAGE_STANDARD = gnu11;
				GCC_NO_COMMON_BLOCKS = YES;
				GCC_WARN_64_TO_32_BIT_CONVERSION = YES;
				GCC_WARN_ABOUT_RETURN_TYPE = YES_ERROR;
				GCC_WARN_UNDECLARED_SELECTOR = YES;
				GCC_WARN_UNINITIALIZED_AUTOS = YES_AGGRESSIVE;
				GCC_WARN_UNUSED_FUNCTION = YES;
				GCC_WARN_UNUSED_VARIABLE = YES;
				IPHONEOS_DEPLOYMENT_TARGET = 11.2;
				MTL_ENABLE_DEBUG_INFO = NO;
				SDKROOT = iphoneos;
				SWIFT_OPTIMIZATION_LEVEL = "-Owholemodule";
				VALIDATE_PRODUCT = YES;
			};
			name = Release;
		};
		89AB76A220B922EC00BBC683 /* Debug */ = {
			isa = XCBuildConfiguration;
			buildSettings = {
				ASSETCATALOG_COMPILER_APPICON_NAME = AppIcon;
				CODE_SIGN_STYLE = Automatic;
				INFOPLIST_FILE = "Pizza Ordering App/Info.plist";
				LD_RUNPATH_SEARCH_PATHS = "$(inherited) @executable_path/Frameworks";
				PRODUCT_BUNDLE_IDENTIFIER = "com.MuzindaGroupProject.Pizza-Ordering-App";
				PRODUCT_NAME = "$(TARGET_NAME)";
				SWIFT_VERSION = 4.0;
				TARGETED_DEVICE_FAMILY = "1,2";
			};
			name = Debug;
		};
		89AB76A320B922EC00BBC683 /* Release */ = {
			isa = XCBuildConfiguration;
			buildSettings = {
				ASSETCATALOG_COMPILER_APPICON_NAME = AppIcon;
				CODE_SIGN_STYLE = Automatic;
				INFOPLIST_FILE = "Pizza Ordering App/Info.plist";
				LD_RUNPATH_SEARCH_PATHS = "$(inherited) @executable_path/Frameworks";
				PRODUCT_BUNDLE_IDENTIFIER = "com.MuzindaGroupProject.Pizza-Ordering-App";
				PRODUCT_NAME = "$(TARGET_NAME)";
				SWIFT_VERSION = 4.0;
				TARGETED_DEVICE_FAMILY = "1,2";
			};
			name = Release;
		};
		89AB76A520B922EC00BBC683 /* Debug */ = {
			isa = XCBuildConfiguration;
			buildSettings = {
				ALWAYS_EMBED_SWIFT_STANDARD_LIBRARIES = YES;
				BUNDLE_LOADER = "$(TEST_HOST)";
				CODE_SIGN_STYLE = Automatic;
				INFOPLIST_FILE = "Pizza Ordering AppTests/Info.plist";
				LD_RUNPATH_SEARCH_PATHS = "$(inherited) @executable_path/Frameworks @loader_path/Frameworks";
				PRODUCT_BUNDLE_IDENTIFIER = "com.MuzindaGroupProject.Pizza-Ordering-AppTests";
				PRODUCT_NAME = "$(TARGET_NAME)";
				SWIFT_VERSION = 4.0;
				TARGETED_DEVICE_FAMILY = "1,2";
				TEST_HOST = "$(BUILT_PRODUCTS_DIR)/Pizza Ordering App.app/Pizza Ordering App";
			};
			name = Debug;
		};
		89AB76A620B922EC00BBC683 /* Release */ = {
			isa = XCBuildConfiguration;
			buildSettings = {
				ALWAYS_EMBED_SWIFT_STANDARD_LIBRARIES = YES;
				BUNDLE_LOADER = "$(TEST_HOST)";
				CODE_SIGN_STYLE = Automatic;
				INFOPLIST_FILE = "Pizza Ordering AppTests/Info.plist";
				LD_RUNPATH_SEARCH_PATHS = "$(inherited) @executable_path/Frameworks @loader_path/Frameworks";
				PRODUCT_BUNDLE_IDENTIFIER = "com.MuzindaGroupProject.Pizza-Ordering-AppTests";
				PRODUCT_NAME = "$(TARGET_NAME)";
				SWIFT_VERSION = 4.0;
				TARGETED_DEVICE_FAMILY = "1,2";
				TEST_HOST = "$(BUILT_PRODUCTS_DIR)/Pizza Ordering App.app/Pizza Ordering App";
			};
			name = Release;
		};
		89AB76A820B922EC00BBC683 /* Debug */ = {
			isa = XCBuildConfiguration;
			buildSettings = {
				ALWAYS_EMBED_SWIFT_STANDARD_LIBRARIES = YES;
				CODE_SIGN_STYLE = Automatic;
				INFOPLIST_FILE = "Pizza Ordering AppUITests/Info.plist";
				LD_RUNPATH_SEARCH_PATHS = "$(inherited) @executable_path/Frameworks @loader_path/Frameworks";
				PRODUCT_BUNDLE_IDENTIFIER = "com.MuzindaGroupProject.Pizza-Ordering-AppUITests";
				PRODUCT_NAME = "$(TARGET_NAME)";
				SWIFT_VERSION = 4.0;
				TARGETED_DEVICE_FAMILY = "1,2";
				TEST_TARGET_NAME = "Pizza Ordering App";
			};
			name = Debug;
		};
		89AB76A920B922EC00BBC683 /* Release */ = {
			isa = XCBuildConfiguration;
			buildSettings = {
				ALWAYS_EMBED_SWIFT_STANDARD_LIBRARIES = YES;
				CODE_SIGN_STYLE = Automatic;
				INFOPLIST_FILE = "Pizza Ordering AppUITests/Info.plist";
				LD_RUNPATH_SEARCH_PATHS = "$(inherited) @executable_path/Frameworks @loader_path/Frameworks";
				PRODUCT_BUNDLE_IDENTIFIER = "com.MuzindaGroupProject.Pizza-Ordering-AppUITests";
				PRODUCT_NAME = "$(TARGET_NAME)";
				SWIFT_VERSION = 4.0;
				TARGETED_DEVICE_FAMILY = "1,2";
				TEST_TARGET_NAME = "Pizza Ordering App";
			};
			name = Release;
		};
/* End XCBuildConfiguration section */

/* Begin XCConfigurationList section */
		89AB767420B922EB00BBC683 /* Build configuration list for PBXProject "Pizza Ordering App" */ = {
			isa = XCConfigurationList;
			buildConfigurations = (
				89AB769F20B922EC00BBC683 /* Debug */,
				89AB76A020B922EC00BBC683 /* Release */,
			);
			defaultConfigurationIsVisible = 0;
			defaultConfigurationName = Release;
		};
		89AB76A120B922EC00BBC683 /* Build configuration list for PBXNativeTarget "Pizza Ordering App" */ = {
			isa = XCConfigurationList;
			buildConfigurations = (
				89AB76A220B922EC00BBC683 /* Debug */,
				89AB76A320B922EC00BBC683 /* Release */,
			);
			defaultConfigurationIsVisible = 0;
			defaultConfigurationName = Release;
		};
		89AB76A420B922EC00BBC683 /* Build configuration list for PBXNativeTarget "Pizza Ordering AppTests" */ = {
			isa = XCConfigurationList;
			buildConfigurations = (
				89AB76A520B922EC00BBC683 /* Debug */,
				89AB76A620B922EC00BBC683 /* Release */,
			);
			defaultConfigurationIsVisible = 0;
			defaultConfigurationName = Release;
		};
		89AB76A720B922EC00BBC683 /* Build configuration list for PBXNativeTarget "Pizza Ordering AppUITests" */ = {
			isa = XCConfigurationList;
			buildConfigurations = (
				89AB76A820B922EC00BBC683 /* Debug */,
				89AB76A920B922EC00BBC683 /* Release */,
			);
			defaultConfigurationIsVisible = 0;
			defaultConfigurationName = Release;
		};
/* End XCConfigurationList section */
	};
	rootObject = 89AB767120B922EB00BBC683 /* Project object */;
}
